
Microsoft Visual Studio Solution File, Format Version 12.00
# Visual Studio Version 17
VisualStudioVersion = 17.0.31903.59
MinimumVisualStudioVersion = 10.0.40219.1
Project("{2150E333-8FDC-42A3-9474-1A3956D46DE8}") = "02.MultidimentionalArrays", "02.MultidimentionalArrays", "{B381E939-29EB-449A-9E0C-636A95AB515B}"
EndProject
Project("{2150E333-8FDC-42A3-9474-1A3956D46DE8}") = "01.StacksAndQueues", "01.StacksAndQueues", "{F4557966-EB52-4965-B629-333045693975}"
EndProject
Project("{FAE04EC0-301F-11D3-BF4B-00C04F79EFBC}") = "BalancedParenthesis", "01.StacksAndQueues\BalancedParenthesis\BalancedParenthesis.csproj", "{2A156B84-3E22-45C8-9604-08BA7F4FCF44}"
EndProject
Project("{2150E333-8FDC-42A3-9474-1A3956D46DE8}") = "03.SetsAndDictionariesAdvanced", "03.SetsAndDictionariesAdvanced", "{12F0904B-6639-4A0C-8708-AF2290CB6935}"
EndProject
Project("{FAE04EC0-301F-11D3-BF4B-00C04F79EFBC}") = "BasicQueueOperations", "01.StacksAndQueues\BasicStackOperations\BasicQueueOperations.csproj", "{7E916D23-64A5-468E-9931-7AE402BB2EA9}"
EndProject
Project("{FAE04EC0-301F-11D3-BF4B-00C04F79EFBC}") = "BasicStackOperationss", "01.StacksAndQueues\BasicStackOperationss\BasicStackOperationss.csproj", "{0EFD660C-2787-448E-8933-DC4FC1076250}"
EndProject
Project("{FAE04EC0-301F-11D3-BF4B-00C04F79EFBC}") = "FashionBotique", "01.StacksAndQueues\FashionBotique\FashionBotique.csproj", "{F2CD812F-8B68-4663-A7F7-6D674453B0C2}"
EndProject
Project("{FAE04EC0-301F-11D3-BF4B-00C04F79EFBC}") = "FastFood", "01.StacksAndQueues\FastFood\FastFood.csproj", "{D422C60A-F1DB-4D7A-9EFB-2A0B214213DA}"
EndProject
Project("{FAE04EC0-301F-11D3-BF4B-00C04F79EFBC}") = "HotPotato", "01.StacksAndQueues\HotPotato\HotPotato.csproj", "{F180E6F8-BEB0-4353-B27D-543481B04F03}"
EndProject
Project("{FAE04EC0-301F-11D3-BF4B-00C04F79EFBC}") = "MatchingBrackets", "01.StacksAndQueues\MatchingBrackets\MatchingBrackets.csproj", "{0F0A7677-B5CB-4FE4-8512-3D35B6178D3F}"
EndProject
Project("{FAE04EC0-301F-11D3-BF4B-00C04F79EFBC}") = "MaximumAndMinimumValue", "01.StacksAndQueues\MaximumAndMinimumValue\MaximumAndMinimumValue.csproj", "{60B44F63-6BC2-48F3-AA27-6851D6B7DADC}"
EndProject
Project("{FAE04EC0-301F-11D3-BF4B-00C04F79EFBC}") = "PrintEvenNumbers", "01.StacksAndQueues\PrintEvenNumbers\PrintEvenNumbers.csproj", "{AF2A8C37-491A-47A1-B2AB-767A3FE605BD}"
EndProject
Project("{FAE04EC0-301F-11D3-BF4B-00C04F79EFBC}") = "SimpleCalculator", "01.StacksAndQueues\SimpleCalculator\SimpleCalculator.csproj", "{BE292A46-969F-4D12-AD42-49C6750E331B}"
EndProject
Project("{FAE04EC0-301F-11D3-BF4B-00C04F79EFBC}") = "SimpleTextEditor", "01.StacksAndQueues\SimpleTextEditor\SimpleTextEditor.csproj", "{B20B2354-2F9D-4CDC-BB95-FD7C97F703B2}"
EndProject
Project("{FAE04EC0-301F-11D3-BF4B-00C04F79EFBC}") = "SongsQueue", "01.StacksAndQueues\SongsQueue\SongsQueue.csproj", "{49F94463-A147-4FC4-AD27-2E552352697C}"
EndProject
Global
	GlobalSection(SolutionConfigurationPlatforms) = preSolution
		Debug|Any CPU = Debug|Any CPU
		Release|Any CPU = Release|Any CPU
	EndGlobalSection
	GlobalSection(ProjectConfigurationPlatforms) = postSolution
		{2A156B84-3E22-45C8-9604-08BA7F4FCF44}.Debug|Any CPU.ActiveCfg = Debug|Any CPU
		{2A156B84-3E22-45C8-9604-08BA7F4FCF44}.Debug|Any CPU.Build.0 = Debug|Any CPU
		{2A156B84-3E22-45C8-9604-08BA7F4FCF44}.Release|Any CPU.ActiveCfg = Release|Any CPU
		{2A156B84-3E22-45C8-9604-08BA7F4FCF44}.Release|Any CPU.Build.0 = Release|Any CPU
		{7E916D23-64A5-468E-9931-7AE402BB2EA9}.Debug|Any CPU.ActiveCfg = Debug|Any CPU
		{7E916D23-64A5-468E-9931-7AE402BB2EA9}.Debug|Any CPU.Build.0 = Debug|Any CPU
		{7E916D23-64A5-468E-9931-7AE402BB2EA9}.Release|Any CPU.ActiveCfg = Release|Any CPU
		{7E916D23-64A5-468E-9931-7AE402BB2EA9}.Release|Any CPU.Build.0 = Release|Any CPU
		{0EFD660C-2787-448E-8933-DC4FC1076250}.Debug|Any CPU.ActiveCfg = Debug|Any CPU
		{0EFD660C-2787-448E-8933-DC4FC1076250}.Debug|Any CPU.Build.0 = Debug|Any CPU
		{0EFD660C-2787-448E-8933-DC4FC1076250}.Release|Any CPU.ActiveCfg = Release|Any CPU
		{0EFD660C-2787-448E-8933-DC4FC1076250}.Release|Any CPU.Build.0 = Release|Any CPU
		{F2CD812F-8B68-4663-A7F7-6D674453B0C2}.Debug|Any CPU.ActiveCfg = Debug|Any CPU
		{F2CD812F-8B68-4663-A7F7-6D674453B0C2}.Debug|Any CPU.Build.0 = Debug|Any CPU
		{F2CD812F-8B68-4663-A7F7-6D674453B0C2}.Release|Any CPU.ActiveCfg = Release|Any CPU
		{F2CD812F-8B68-4663-A7F7-6D674453B0C2}.Release|Any CPU.Build.0 = Release|Any CPU
		{D422C60A-F1DB-4D7A-9EFB-2A0B214213DA}.Debug|Any CPU.ActiveCfg = Debug|Any CPU
		{D422C60A-F1DB-4D7A-9EFB-2A0B214213DA}.Debug|Any CPU.Build.0 = Debug|Any CPU
		{D422C60A-F1DB-4D7A-9EFB-2A0B214213DA}.Release|Any CPU.ActiveCfg = Release|Any CPU
		{D422C60A-F1DB-4D7A-9EFB-2A0B214213DA}.Release|Any CPU.Build.0 = Release|Any CPU
		{F180E6F8-BEB0-4353-B27D-543481B04F03}.Debug|Any CPU.ActiveCfg = Debug|Any CPU
		{F180E6F8-BEB0-4353-B27D-543481B04F03}.Debug|Any CPU.Build.0 = Debug|Any CPU
		{F180E6F8-BEB0-4353-B27D-543481B04F03}.Release|Any CPU.ActiveCfg = Release|Any CPU
		{F180E6F8-BEB0-4353-B27D-543481B04F03}.Release|Any CPU.Build.0 = Release|Any CPU
		{0F0A7677-B5CB-4FE4-8512-3D35B6178D3F}.Debug|Any CPU.ActiveCfg = Debug|Any CPU
		{0F0A7677-B5CB-4FE4-8512-3D35B6178D3F}.Debug|Any CPU.Build.0 = Debug|Any CPU
		{0F0A7677-B5CB-4FE4-8512-3D35B6178D3F}.Release|Any CPU.ActiveCfg = Release|Any CPU
		{0F0A7677-B5CB-4FE4-8512-3D35B6178D3F}.Release|Any CPU.Build.0 = Release|Any CPU
		{60B44F63-6BC2-48F3-AA27-6851D6B7DADC}.Debug|Any CPU.ActiveCfg = Debug|Any CPU
		{60B44F63-6BC2-48F3-AA27-6851D6B7DADC}.Debug|Any CPU.Build.0 = Debug|Any CPU
		{60B44F63-6BC2-48F3-AA27-6851D6B7DADC}.Release|Any CPU.ActiveCfg = Release|Any CPU
		{60B44F63-6BC2-48F3-AA27-6851D6B7DADC}.Release|Any CPU.Build.0 = Release|Any CPU
		{AF2A8C37-491A-47A1-B2AB-767A3FE605BD}.Debug|Any CPU.ActiveCfg = Debug|Any CPU
		{AF2A8C37-491A-47A1-B2AB-767A3FE605BD}.Debug|Any CPU.Build.0 = Debug|Any CPU
		{AF2A8C37-491A-47A1-B2AB-767A3FE605BD}.Release|Any CPU.ActiveCfg = Release|Any CPU
		{AF2A8C37-491A-47A1-B2AB-767A3FE605BD}.Release|Any CPU.Build.0 = Release|Any CPU
		{BE292A46-969F-4D12-AD42-49C6750E331B}.Debug|Any CPU.ActiveCfg = Debug|Any CPU
		{BE292A46-969F-4D12-AD42-49C6750E331B}.Debug|Any CPU.Build.0 = Debug|Any CPU
		{BE292A46-969F-4D12-AD42-49C6750E331B}.Release|Any CPU.ActiveCfg = Release|Any CPU
		{BE292A46-969F-4D12-AD42-49C6750E331B}.Release|Any CPU.Build.0 = Release|Any CPU
		{B20B2354-2F9D-4CDC-BB95-FD7C97F703B2}.Debug|Any CPU.ActiveCfg = Debug|Any CPU
		{B20B2354-2F9D-4CDC-BB95-FD7C97F703B2}.Debug|Any CPU.Build.0 = Debug|Any CPU
		{B20B2354-2F9D-4CDC-BB95-FD7C97F703B2}.Release|Any CPU.ActiveCfg = Release|Any CPU
		{B20B2354-2F9D-4CDC-BB95-FD7C97F703B2}.Release|Any CPU.Build.0 = Release|Any CPU
		{49F94463-A147-4FC4-AD27-2E552352697C}.Debug|Any CPU.ActiveCfg = Debug|Any CPU
		{49F94463-A147-4FC4-AD27-2E552352697C}.Debug|Any CPU.Build.0 = Debug|Any CPU
		{49F94463-A147-4FC4-AD27-2E552352697C}.Release|Any CPU.ActiveCfg = Release|Any CPU
		{49F94463-A147-4FC4-AD27-2E552352697C}.Release|Any CPU.Build.0 = Release|Any CPU
	EndGlobalSection
	GlobalSection(SolutionProperties) = preSolution
		HideSolutionNode = FALSE
	EndGlobalSection
	GlobalSection(NestedProjects) = preSolution
		{2A156B84-3E22-45C8-9604-08BA7F4FCF44} = {F4557966-EB52-4965-B629-333045693975}
		{7E916D23-64A5-468E-9931-7AE402BB2EA9} = {F4557966-EB52-4965-B629-333045693975}
		{0EFD660C-2787-448E-8933-DC4FC1076250} = {F4557966-EB52-4965-B629-333045693975}
		{F2CD812F-8B68-4663-A7F7-6D674453B0C2} = {F4557966-EB52-4965-B629-333045693975}
		{D422C60A-F1DB-4D7A-9EFB-2A0B214213DA} = {F4557966-EB52-4965-B629-333045693975}
		{F180E6F8-BEB0-4353-B27D-543481B04F03} = {F4557966-EB52-4965-B629-333045693975}
		{0F0A7677-B5CB-4FE4-8512-3D35B6178D3F} = {F4557966-EB52-4965-B629-333045693975}
		{60B44F63-6BC2-48F3-AA27-6851D6B7DADC} = {F4557966-EB52-4965-B629-333045693975}
		{AF2A8C37-491A-47A1-B2AB-767A3FE605BD} = {F4557966-EB52-4965-B629-333045693975}
		{BE292A46-969F-4D12-AD42-49C6750E331B} = {F4557966-EB52-4965-B629-333045693975}
		{B20B2354-2F9D-4CDC-BB95-FD7C97F703B2} = {F4557966-EB52-4965-B629-333045693975}
		{49F94463-A147-4FC4-AD27-2E552352697C} = {F4557966-EB52-4965-B629-333045693975}
	EndGlobalSection
EndGlobal
