
Microsoft Visual Studio Solution File, Format Version 12.00
# Visual Studio Version 17
VisualStudioVersion = 17.0.31903.59
MinimumVisualStudioVersion = 10.0.40219.1
Project("{FAE04EC0-301F-11D3-BF4B-00C04F79EFBC}") = "CSAdvanced", "CSAdvanced\CSAdvanced.csproj", "{8A60C0CE-9D85-4F2E-88F7-69CA74148E13}"
EndProject
Project("{2150E333-8FDC-42A3-9474-1A3956D46DE8}") = "01.StacksAndQueues", "01.StacksAndQueues", "{F4557966-EB52-4965-B629-333045693975}"
EndProject
Project("{FAE04EC0-301F-11D3-BF4B-00C04F79EFBC}") = "BalancedParenthesis", "01.StacksAndQueues\BalancedParenthesis\BalancedParenthesis.csproj", "{2A156B84-3E22-45C8-9604-08BA7F4FCF44}"
EndProject
Global
	GlobalSection(SolutionConfigurationPlatforms) = preSolution
		Debug|Any CPU = Debug|Any CPU
		Release|Any CPU = Release|Any CPU
	EndGlobalSection
	GlobalSection(ProjectConfigurationPlatforms) = postSolution
		{8A60C0CE-9D85-4F2E-88F7-69CA74148E13}.Debug|Any CPU.ActiveCfg = Debug|Any CPU
		{8A60C0CE-9D85-4F2E-88F7-69CA74148E13}.Debug|Any CPU.Build.0 = Debug|Any CPU
		{8A60C0CE-9D85-4F2E-88F7-69CA74148E13}.Release|Any CPU.ActiveCfg = Release|Any CPU
		{8A60C0CE-9D85-4F2E-88F7-69CA74148E13}.Release|Any CPU.Build.0 = Release|Any CPU
		{2A156B84-3E22-45C8-9604-08BA7F4FCF44}.Debug|Any CPU.ActiveCfg = Debug|Any CPU
		{2A156B84-3E22-45C8-9604-08BA7F4FCF44}.Debug|Any CPU.Build.0 = Debug|Any CPU
		{2A156B84-3E22-45C8-9604-08BA7F4FCF44}.Release|Any CPU.ActiveCfg = Release|Any CPU
		{2A156B84-3E22-45C8-9604-08BA7F4FCF44}.Release|Any CPU.Build.0 = Release|Any CPU
	EndGlobalSection
	GlobalSection(SolutionProperties) = preSolution
		HideSolutionNode = FALSE
	EndGlobalSection
	GlobalSection(NestedProjects) = preSolution
		{2A156B84-3E22-45C8-9604-08BA7F4FCF44} = {F4557966-EB52-4965-B629-333045693975}
	EndGlobalSection
EndGlobal
